// !$*UTF8*$!
{
	archiveVersion = 1;
	classes = {
	};
	objectVersion = 56;
	objects = {

/* Begin PBXBuildFile section */
		18FECEC82B60FC38001B566F /* AnimalsModel.swift in Sources */ = {isa = PBXBuildFile; fileRef = 18FECEC72B60FC38001B566F /* AnimalsModel.swift */; };
		18FECEDC2B62584E001B566F /* AnimalFactView.swift in Sources */ = {isa = PBXBuildFile; fileRef = 18FECEDB2B62584E001B566F /* AnimalFactView.swift */; };
		29F5589C2B623DBF001FC793 /* QuizView.swift in Sources */ = {isa = PBXBuildFile; fileRef = 29F5589B2B623DBF001FC793 /* QuizView.swift */; };
		39CCBB642B66225300CE544C /* animalListCard.swift in Sources */ = {isa = PBXBuildFile; fileRef = 39CCBB632B66225300CE544C /* animalListCard.swift */; };
		39CCBB662B66229500CE544C /* animalsList.swift in Sources */ = {isa = PBXBuildFile; fileRef = 39CCBB652B66229500CE544C /* animalsList.swift */; };
		90BC255C2B652F3F0069186A /* CharactersView.swift in Sources */ = {isa = PBXBuildFile; fileRef = 90BC255B2B652F3F0069186A /* CharactersView.swift */; };
		90BC255E2B652F7E0069186A /* NameView.swift in Sources */ = {isa = PBXBuildFile; fileRef = 90BC255D2B652F7E0069186A /* NameView.swift */; };
		90BC25602B652FC60069186A /* HomePageView.swift in Sources */ = {isa = PBXBuildFile; fileRef = 90BC255F2B652FC60069186A /* HomePageView.swift */; };
		90BC25622B65301C0069186A /* MapView.swift in Sources */ = {isa = PBXBuildFile; fileRef = 90BC25612B65301C0069186A /* MapView.swift */; };
		90BC25642B6530C90069186A /* ShomukhView.swift in Sources */ = {isa = PBXBuildFile; fileRef = 90BC25632B6530C90069186A /* ShomukhView.swift */; };
		90BC25662B65314D0069186A /* RahafView.swift in Sources */ = {isa = PBXBuildFile; fileRef = 90BC25652B65314D0069186A /* RahafView.swift */; };
		90BC25682B65317F0069186A /* Model.swift in Sources */ = {isa = PBXBuildFile; fileRef = 90BC25672B65317F0069186A /* Model.swift */; };
		90BC256A2B6532030069186A /* SplashView.swift in Sources */ = {isa = PBXBuildFile; fileRef = 90BC25692B6532030069186A /* SplashView.swift */; };
		EE122E4F2B5F9C70009FAACD /* AnimalGameApp.swift in Sources */ = {isa = PBXBuildFile; fileRef = EE122E4E2B5F9C70009FAACD /* AnimalGameApp.swift */; };
		EE122E512B5F9C70009FAACD /* ContentView.swift in Sources */ = {isa = PBXBuildFile; fileRef = EE122E502B5F9C70009FAACD /* ContentView.swift */; };
		EE122E532B5F9C71009FAACD /* Assets.xcassets in Resources */ = {isa = PBXBuildFile; fileRef = EE122E522B5F9C71009FAACD /* Assets.xcassets */; };
		EE122E562B5F9C71009FAACD /* Preview Assets.xcassets in Resources */ = {isa = PBXBuildFile; fileRef = EE122E552B5F9C71009FAACD /* Preview Assets.xcassets */; };
/* End PBXBuildFile section */

/* Begin PBXFileReference section */
		18FECEC72B60FC38001B566F /* AnimalsModel.swift */ = {isa = PBXFileReference; lastKnownFileType = sourcecode.swift; path = AnimalsModel.swift; sourceTree = "<group>"; };
		18FECEDB2B62584E001B566F /* AnimalFactView.swift */ = {isa = PBXFileReference; lastKnownFileType = sourcecode.swift; path = AnimalFactView.swift; sourceTree = "<group>"; };
		29F5589B2B623DBF001FC793 /* QuizView.swift */ = {isa = PBXFileReference; lastKnownFileType = sourcecode.swift; name = QuizView.swift; path = ../QuizView.swift; sourceTree = "<group>"; };
		39CCBB632B66225300CE544C /* animalListCard.swift */ = {isa = PBXFileReference; lastKnownFileType = sourcecode.swift; path = animalListCard.swift; sourceTree = "<group>"; };
		39CCBB652B66229500CE544C /* animalsList.swift */ = {isa = PBXFileReference; lastKnownFileType = sourcecode.swift; path = animalsList.swift; sourceTree = "<group>"; };
		90BC255B2B652F3F0069186A /* CharactersView.swift */ = {isa = PBXFileReference; lastKnownFileType = sourcecode.swift; path = CharactersView.swift; sourceTree = "<group>"; };
		90BC255D2B652F7E0069186A /* NameView.swift */ = {isa = PBXFileReference; lastKnownFileType = sourcecode.swift; path = NameView.swift; sourceTree = "<group>"; };
		90BC255F2B652FC60069186A /* HomePageView.swift */ = {isa = PBXFileReference; lastKnownFileType = sourcecode.swift; path = HomePageView.swift; sourceTree = "<group>"; };
		90BC25612B65301C0069186A /* MapView.swift */ = {isa = PBXFileReference; lastKnownFileType = sourcecode.swift; path = MapView.swift; sourceTree = "<group>"; };
		90BC25632B6530C90069186A /* ShomukhView.swift */ = {isa = PBXFileReference; lastKnownFileType = sourcecode.swift; path = ShomukhView.swift; sourceTree = "<group>"; };
		90BC25652B65314D0069186A /* RahafView.swift */ = {isa = PBXFileReference; lastKnownFileType = sourcecode.swift; path = RahafView.swift; sourceTree = "<group>"; };
		90BC25672B65317F0069186A /* Model.swift */ = {isa = PBXFileReference; lastKnownFileType = sourcecode.swift; path = Model.swift; sourceTree = "<group>"; };
		90BC25692B6532030069186A /* SplashView.swift */ = {isa = PBXFileReference; lastKnownFileType = sourcecode.swift; path = SplashView.swift; sourceTree = "<group>"; };
		EE122E4B2B5F9C70009FAACD /* AnimalGame.app */ = {isa = PBXFileReference; explicitFileType = wrapper.application; includeInIndex = 0; path = AnimalGame.app; sourceTree = BUILT_PRODUCTS_DIR; };
		EE122E4E2B5F9C70009FAACD /* AnimalGameApp.swift */ = {isa = PBXFileReference; lastKnownFileType = sourcecode.swift; path = AnimalGameApp.swift; sourceTree = "<group>"; };
		EE122E502B5F9C70009FAACD /* ContentView.swift */ = {isa = PBXFileReference; lastKnownFileType = sourcecode.swift; path = ContentView.swift; sourceTree = "<group>"; };
		EE122E522B5F9C71009FAACD /* Assets.xcassets */ = {isa = PBXFileReference; lastKnownFileType = folder.assetcatalog; path = Assets.xcassets; sourceTree = "<group>"; };
		EE122E552B5F9C71009FAACD /* Preview Assets.xcassets */ = {isa = PBXFileReference; lastKnownFileType = folder.assetcatalog; path = "Preview Assets.xcassets"; sourceTree = "<group>"; };
/* End PBXFileReference section */

/* Begin PBXFrameworksBuildPhase section */
		EE122E482B5F9C70009FAACD /* Frameworks */ = {
			isa = PBXFrameworksBuildPhase;
			buildActionMask = 2147483647;
			files = (
			);
			runOnlyForDeploymentPostprocessing = 0;
		};
/* End PBXFrameworksBuildPhase section */

/* Begin PBXGroup section */
		EE122E422B5F9C70009FAACD = {
			isa = PBXGroup;
			children = (
				EE122E4D2B5F9C70009FAACD /* AnimalGame */,
				EE122E4C2B5F9C70009FAACD /* Products */,
			);
			sourceTree = "<group>";
		};
		EE122E4C2B5F9C70009FAACD /* Products */ = {
			isa = PBXGroup;
			children = (
				EE122E4B2B5F9C70009FAACD /* AnimalGame.app */,
			);
			name = Products;
			sourceTree = "<group>";
		};
		EE122E4D2B5F9C70009FAACD /* AnimalGame */ = {
			isa = PBXGroup;
			children = (
				29F5589B2B623DBF001FC793 /* QuizView.swift */,
				39CCBB632B66225300CE544C /* animalListCard.swift */,
				39CCBB652B66229500CE544C /* animalsList.swift */,
				EE122E4E2B5F9C70009FAACD /* AnimalGameApp.swift */,
				90BC25692B6532030069186A /* SplashView.swift */,
				EE122E502B5F9C70009FAACD /* ContentView.swift */,
				18FECEC72B60FC38001B566F /* AnimalsModel.swift */,
				18FECEDB2B62584E001B566F /* AnimalFactView.swift */,
				90BC255B2B652F3F0069186A /* CharactersView.swift */,
				90BC255D2B652F7E0069186A /* NameView.swift */,
				90BC255F2B652FC60069186A /* HomePageView.swift */,
				90BC25612B65301C0069186A /* MapView.swift */,
				90BC25652B65314D0069186A /* RahafView.swift */,
				90BC25632B6530C90069186A /* ShomukhView.swift */,
				90BC25672B65317F0069186A /* Model.swift */,
				EE122E522B5F9C71009FAACD /* Assets.xcassets */,
				EE122E542B5F9C71009FAACD /* Preview Content */,
			);
			path = AnimalGame;
			sourceTree = "<group>";
		};
		EE122E542B5F9C71009FAACD /* Preview Content */ = {
			isa = PBXGroup;
			children = (
				EE122E552B5F9C71009FAACD /* Preview Assets.xcassets */,
			);
			path = "Preview Content";
			sourceTree = "<group>";
		};
/* End PBXGroup section */

/* Begin PBXNativeTarget section */
		EE122E4A2B5F9C70009FAACD /* AnimalGame */ = {
			isa = PBXNativeTarget;
			buildConfigurationList = EE122E592B5F9C71009FAACD /* Build configuration list for PBXNativeTarget "AnimalGame" */;
			buildPhases = (
				EE122E472B5F9C70009FAACD /* Sources */,
				EE122E482B5F9C70009FAACD /* Frameworks */,
				EE122E492B5F9C70009FAACD /* Resources */,
			);
			buildRules = (
			);
			dependencies = (
			);
			name = AnimalGame;
			productName = AnimalGame;
			productReference = EE122E4B2B5F9C70009FAACD /* AnimalGame.app */;
			productType = "com.apple.product-type.application";
		};
/* End PBXNativeTarget section */

/* Begin PBXProject section */
		EE122E432B5F9C70009FAACD /* Project object */ = {
			isa = PBXProject;
			attributes = {
				BuildIndependentTargetsInParallel = 1;
				LastSwiftUpdateCheck = 1500;
				LastUpgradeCheck = 1500;
				TargetAttributes = {
					EE122E4A2B5F9C70009FAACD = {
						CreatedOnToolsVersion = 15.0.1;
					};
				};
			};
			buildConfigurationList = EE122E462B5F9C70009FAACD /* Build configuration list for PBXProject "AnimalGame" */;
			compatibilityVersion = "Xcode 14.0";
			developmentRegion = en;
			hasScannedForEncodings = 0;
			knownRegions = (
				en,
				Base,
			);
			mainGroup = EE122E422B5F9C70009FAACD;
			productRefGroup = EE122E4C2B5F9C70009FAACD /* Products */;
			projectDirPath = "";
			projectRoot = "";
			targets = (
				EE122E4A2B5F9C70009FAACD /* AnimalGame */,
			);
		};
/* End PBXProject section */

/* Begin PBXResourcesBuildPhase section */
		EE122E492B5F9C70009FAACD /* Resources */ = {
			isa = PBXResourcesBuildPhase;
			buildActionMask = 2147483647;
			files = (
				EE122E562B5F9C71009FAACD /* Preview Assets.xcassets in Resources */,
				EE122E532B5F9C71009FAACD /* Assets.xcassets in Resources */,
			);
			runOnlyForDeploymentPostprocessing = 0;
		};
/* End PBXResourcesBuildPhase section */

/* Begin PBXSourcesBuildPhase section */
		EE122E472B5F9C70009FAACD /* Sources */ = {
			isa = PBXSourcesBuildPhase;
			buildActionMask = 2147483647;
			files = (
				EE122E512B5F9C70009FAACD /* ContentView.swift in Sources */,
				39CCBB642B66225300CE544C /* animalListCard.swift in Sources */,
				29F5589C2B623DBF001FC793 /* QuizView.swift in Sources */,
				90BC25642B6530C90069186A /* ShomukhView.swift in Sources */,
				90BC25682B65317F0069186A /* Model.swift in Sources */,
				90BC255E2B652F7E0069186A /* NameView.swift in Sources */,
				90BC255C2B652F3F0069186A /* CharactersView.swift in Sources */,
				18FECEC82B60FC38001B566F /* AnimalsModel.swift in Sources */,
				EE122E4F2B5F9C70009FAACD /* AnimalGameApp.swift in Sources */,
				90BC256A2B6532030069186A /* SplashView.swift in Sources */,
				90BC25662B65314D0069186A /* RahafView.swift in Sources */,
				39CCBB662B66229500CE544C /* animalsList.swift in Sources */,
				90BC25602B652FC60069186A /* HomePageView.swift in Sources */,
				90BC25622B65301C0069186A /* MapView.swift in Sources */,
				18FECEDC2B62584E001B566F /* AnimalFactView.swift in Sources */,
			);
			runOnlyForDeploymentPostprocessing = 0;
		};
/* End PBXSourcesBuildPhase section */

/* Begin XCBuildConfiguration section */
		EE122E572B5F9C71009FAACD /* Debug */ = {
			isa = XCBuildConfiguration;
			buildSettings = {
				ALWAYS_SEARCH_USER_PATHS = NO;
				ASSETCATALOG_COMPILER_GENERATE_SWIFT_ASSET_SYMBOL_EXTENSIONS = YES;
				CLANG_ANALYZER_NONNULL = YES;
				CLANG_ANALYZER_NUMBER_OBJECT_CONVERSION = YES_AGGRESSIVE;
				CLANG_CXX_LANGUAGE_STANDARD = "gnu++20";
				CLANG_ENABLE_MODULES = YES;
				CLANG_ENABLE_OBJC_ARC = YES;
				CLANG_ENABLE_OBJC_WEAK = YES;
				CLANG_WARN_BLOCK_CAPTURE_AUTORELEASING = YES;
				CLANG_WARN_BOOL_CONVERSION = YES;
				CLANG_WARN_COMMA = YES;
				CLANG_WARN_CONSTANT_CONVERSION = YES;
				CLANG_WARN_DEPRECATED_OBJC_IMPLEMENTATIONS = YES;
				CLANG_WARN_DIRECT_OBJC_ISA_USAGE = YES_ERROR;
				CLANG_WARN_DOCUMENTATION_COMMENTS = YES;
				CLANG_WARN_EMPTY_BODY = YES;
				CLANG_WARN_ENUM_CONVERSION = YES;
				CLANG_WARN_INFINITE_RECURSION = YES;
				CLANG_WARN_INT_CONVERSION = YES;
				CLANG_WARN_NON_LITERAL_NULL_CONVERSION = YES;
				CLANG_WARN_OBJC_IMPLICIT_RETAIN_SELF = YES;
				CLANG_WARN_OBJC_LITERAL_CONVERSION = YES;
				CLANG_WARN_OBJC_ROOT_CLASS = YES_ERROR;
				CLANG_WARN_QUOTED_INCLUDE_IN_FRAMEWORK_HEADER = YES;
				CLANG_WARN_RANGE_LOOP_ANALYSIS = YES;
				CLANG_WARN_STRICT_PROTOTYPES = YES;
				CLANG_WARN_SUSPICIOUS_MOVE = YES;
				CLANG_WARN_UNGUARDED_AVAILABILITY = YES_AGGRESSIVE;
				CLANG_WARN_UNREACHABLE_CODE = YES;
				CLANG_WARN__DUPLICATE_METHOD_MATCH = YES;
				COPY_PHASE_STRIP = NO;
				DEBUG_INFORMATION_FORMAT = dwarf;
				ENABLE_STRICT_OBJC_MSGSEND = YES;
				ENABLE_TESTABILITY = YES;
				ENABLE_USER_SCRIPT_SANDBOXING = YES;
				GCC_C_LANGUAGE_STANDARD = gnu17;
				GCC_DYNAMIC_NO_PIC = NO;
				GCC_NO_COMMON_BLOCKS = YES;
				GCC_OPTIMIZATION_LEVEL = 0;
				GCC_PREPROCESSOR_DEFINITIONS = (
					"DEBUG=1",
					"$(inherited)",
				);
				GCC_WARN_64_TO_32_BIT_CONVERSION = YES;
				GCC_WARN_ABOUT_RETURN_TYPE = YES_ERROR;
				GCC_WARN_UNDECLARED_SELECTOR = YES;
				GCC_WARN_UNINITIALIZED_AUTOS = YES_AGGRESSIVE;
				GCC_WARN_UNUSED_FUNCTION = YES;
				GCC_WARN_UNUSED_VARIABLE = YES;
				IPHONEOS_DEPLOYMENT_TARGET = 17.0;
				LOCALIZATION_PREFERS_STRING_CATALOGS = YES;
				MTL_ENABLE_DEBUG_INFO = INCLUDE_SOURCE;
				MTL_FAST_MATH = YES;
				ONLY_ACTIVE_ARCH = YES;
				SDKROOT = iphoneos;
				SWIFT_ACTIVE_COMPILATION_CONDITIONS = "DEBUG $(inherited)";
				SWIFT_OPTIMIZATION_LEVEL = "-Onone";
			};
			name = Debug;
		};
		EE122E582B5F9C71009FAACD /* Release */ = {
			isa = XCBuildConfiguration;
			buildSettings = {
				ALWAYS_SEARCH_USER_PATHS = NO;
				ASSETCATALOG_COMPILER_GENERATE_SWIFT_ASSET_SYMBOL_EXTENSIONS = YES;
				CLANG_ANALYZER_NONNULL = YES;
				CLANG_ANALYZER_NUMBER_OBJECT_CONVERSION = YES_AGGRESSIVE;
				CLANG_CXX_LANGUAGE_STANDARD = "gnu++20";
				CLANG_ENABLE_MODULES = YES;
				CLANG_ENABLE_OBJC_ARC = YES;
				CLANG_ENABLE_OBJC_WEAK = YES;
				CLANG_WARN_BLOCK_CAPTURE_AUTORELEASING = YES;
				CLANG_WARN_BOOL_CONVERSION = YES;
				CLANG_WARN_COMMA = YES;
				CLANG_WARN_CONSTANT_CONVERSION = YES;
				CLANG_WARN_DEPRECATED_OBJC_IMPLEMENTATIONS = YES;
				CLANG_WARN_DIRECT_OBJC_ISA_USAGE = YES_ERROR;
				CLANG_WARN_DOCUMENTATION_COMMENTS = YES;
				CLANG_WARN_EMPTY_BODY = YES;
				CLANG_WARN_ENUM_CONVERSION = YES;
				CLANG_WARN_INFINITE_RECURSION = YES;
				CLANG_WARN_INT_CONVERSION = YES;
				CLANG_WARN_NON_LITERAL_NULL_CONVERSION = YES;
				CLANG_WARN_OBJC_IMPLICIT_RETAIN_SELF = YES;
				CLANG_WARN_OBJC_LITERAL_CONVERSION = YES;
				CLANG_WARN_OBJC_ROOT_CLASS = YES_ERROR;
				CLANG_WARN_QUOTED_INCLUDE_IN_FRAMEWORK_HEADER = YES;
				CLANG_WARN_RANGE_LOOP_ANALYSIS = YES;
				CLANG_WARN_STRICT_PROTOTYPES = YES;
				CLANG_WARN_SUSPICIOUS_MOVE = YES;
				CLANG_WARN_UNGUARDED_AVAILABILITY = YES_AGGRESSIVE;
				CLANG_WARN_UNREACHABLE_CODE = YES;
				CLANG_WARN__DUPLICATE_METHOD_MATCH = YES;
				COPY_PHASE_STRIP = NO;
				DEBUG_INFORMATION_FORMAT = "dwarf-with-dsym";
				ENABLE_NS_ASSERTIONS = NO;
				ENABLE_STRICT_OBJC_MSGSEND = YES;
				ENABLE_USER_SCRIPT_SANDBOXING = YES;
				GCC_C_LANGUAGE_STANDARD = gnu17;
				GCC_NO_COMMON_BLOCKS = YES;
				GCC_WARN_64_TO_32_BIT_CONVERSION = YES;
				GCC_WARN_ABOUT_RETURN_TYPE = YES_ERROR;
				GCC_WARN_UNDECLARED_SELECTOR = YES;
				GCC_WARN_UNINITIALIZED_AUTOS = YES_AGGRESSIVE;
				GCC_WARN_UNUSED_FUNCTION = YES;
				GCC_WARN_UNUSED_VARIABLE = YES;
				IPHONEOS_DEPLOYMENT_TARGET = 17.0;
				LOCALIZATION_PREFERS_STRING_CATALOGS = YES;
				MTL_ENABLE_DEBUG_INFO = NO;
				MTL_FAST_MATH = YES;
				SDKROOT = iphoneos;
				SWIFT_COMPILATION_MODE = wholemodule;
				VALIDATE_PRODUCT = YES;
			};
			name = Release;
		};
		EE122E5A2B5F9C71009FAACD /* Debug */ = {
			isa = XCBuildConfiguration;
			buildSettings = {
				ASSETCATALOG_COMPILER_APPICON_NAME = AppIcon;
				ASSETCATALOG_COMPILER_GLOBAL_ACCENT_COLOR_NAME = AccentColor;
				CODE_SIGN_STYLE = Automatic;
				CURRENT_PROJECT_VERSION = 1;
				DEVELOPMENT_ASSET_PATHS = "\"AnimalGame/Preview Content\"";
				DEVELOPMENT_TEAM = 2S786LTF49;
				ENABLE_PREVIEWS = YES;
				GENERATE_INFOPLIST_FILE = YES;
				INFOPLIST_KEY_UIApplicationSceneManifest_Generation = YES;
				INFOPLIST_KEY_UIApplicationSupportsIndirectInputEvents = YES;
				INFOPLIST_KEY_UILaunchScreen_Generation = YES;
				INFOPLIST_KEY_UISupportedInterfaceOrientations_iPad = "UIInterfaceOrientationPortrait UIInterfaceOrientationPortraitUpsideDown UIInterfaceOrientationLandscapeLeft UIInterfaceOrientationLandscapeRight";
				INFOPLIST_KEY_UISupportedInterfaceOrientations_iPhone = "UIInterfaceOrientationPortrait UIInterfaceOrientationLandscapeLeft UIInterfaceOrientationLandscapeRight";
				LD_RUNPATH_SEARCH_PATHS = (
					"$(inherited)",
					"@executable_path/Frameworks",
				);
				MARKETING_VERSION = 1.0;
				PRODUCT_BUNDLE_IDENTIFIER = R.AnimalGame;
				PRODUCT_NAME = "$(TARGET_NAME)";
				SWIFT_EMIT_LOC_STRINGS = YES;
				SWIFT_VERSION = 5.0;
				TARGETED_DEVICE_FAMILY = "1,2";
			};
			name = Debug;
		};
		EE122E5B2B5F9C71009FAACD /* Release */ = {
			isa = XCBuildConfiguration;
			buildSettings = {
				ASSETCATALOG_COMPILER_APPICON_NAME = AppIcon;
				ASSETCATALOG_COMPILER_GLOBAL_ACCENT_COLOR_NAME = AccentColor;
				CODE_SIGN_STYLE = Automatic;
				CURRENT_PROJECT_VERSION = 1;
				DEVELOPMENT_ASSET_PATHS = "\"AnimalGame/Preview Content\"";
				DEVELOPMENT_TEAM = 2S786LTF49;
				ENABLE_PREVIEWS = YES;
				GENERATE_INFOPLIST_FILE = YES;
				INFOPLIST_KEY_UIApplicationSceneManifest_Generation = YES;
				INFOPLIST_KEY_UIApplicationSupportsIndirectInputEvents = YES;
				INFOPLIST_KEY_UILaunchScreen_Generation = YES;
				INFOPLIST_KEY_UISupportedInterfaceOrientations_iPad = "UIInterfaceOrientationPortrait UIInterfaceOrientationPortraitUpsideDown UIInterfaceOrientationLandscapeLeft UIInterfaceOrientationLandscapeRight";
				INFOPLIST_KEY_UISupportedInterfaceOrientations_iPhone = "UIInterfaceOrientationPortrait UIInterfaceOrientationLandscapeLeft UIInterfaceOrientationLandscapeRight";
				LD_RUNPATH_SEARCH_PATHS = (
					"$(inherited)",
					"@executable_path/Frameworks",
				);
				MARKETING_VERSION = 1.0;
				PRODUCT_BUNDLE_IDENTIFIER = R.AnimalGame;
				PRODUCT_NAME = "$(TARGET_NAME)";
				SWIFT_EMIT_LOC_STRINGS = YES;
				SWIFT_VERSION = 5.0;
				TARGETED_DEVICE_FAMILY = "1,2";
			};
			name = Release;
		};
/* End XCBuildConfiguration section */

/* Begin XCConfigurationList section */
		EE122E462B5F9C70009FAACD /* Build configuration list for PBXProject "AnimalGame" */ = {
			isa = XCConfigurationList;
			buildConfigurations = (
				EE122E572B5F9C71009FAACD /* Debug */,
				EE122E582B5F9C71009FAACD /* Release */,
			);
			defaultConfigurationIsVisible = 0;
			defaultConfigurationName = Release;
		};
		EE122E592B5F9C71009FAACD /* Build configuration list for PBXNativeTarget "AnimalGame" */ = {
			isa = XCConfigurationList;
			buildConfigurations = (
				EE122E5A2B5F9C71009FAACD /* Debug */,
				EE122E5B2B5F9C71009FAACD /* Release */,
			);
			defaultConfigurationIsVisible = 0;
			defaultConfigurationName = Release;
		};
/* End XCConfigurationList section */
	};
	rootObject = EE122E432B5F9C70009FAACD /* Project object */;
}
