// !$*UTF8*$!
{
	archiveVersion = 1;
	classes = {
	};
	objectVersion = 56;
	objects = {

/* Begin PBXBuildFile section */
		182EB71F2B6A344F0023046C /* SoundsModel.swift in Sources */ = {isa = PBXBuildFile; fileRef = 182EB71E2B6A344F0023046C /* SoundsModel.swift */; };
		182EB74A2B6A441A0023046C /* SheepFacts.mp3 in Resources */ = {isa = PBXBuildFile; fileRef = 182EB73C2B6A441A0023046C /* SheepFacts.mp3 */; };
		182EB74B2B6A441A0023046C /* SnakeFacts.mp3 in Resources */ = {isa = PBXBuildFile; fileRef = 182EB73D2B6A441A0023046C /* SnakeFacts.mp3 */; };
		182EB74C2B6A441A0023046C /* LizardFacts.mp3 in Resources */ = {isa = PBXBuildFile; fileRef = 182EB73E2B6A441A0023046C /* LizardFacts.mp3 */; };
		182EB74D2B6A441A0023046C /* CamelFacts.mp3 in Resources */ = {isa = PBXBuildFile; fileRef = 182EB73F2B6A441A0023046C /* CamelFacts.mp3 */; };
		182EB74E2B6A441A0023046C /* ScorpionFacts.mp3 in Resources */ = {isa = PBXBuildFile; fileRef = 182EB7402B6A441A0023046C /* ScorpionFacts.mp3 */; };
		182EB74F2B6A441A0023046C /* CowFacts.mp3 in Resources */ = {isa = PBXBuildFile; fileRef = 182EB7412B6A441A0023046C /* CowFacts.mp3 */; };
		182EB7502B6A441A0023046C /* WolfFacts.mp3 in Resources */ = {isa = PBXBuildFile; fileRef = 182EB7422B6A441A0023046C /* WolfFacts.mp3 */; };
		182EB7512B6A441A0023046C /* PigeonFacts.mp3 in Resources */ = {isa = PBXBuildFile; fileRef = 182EB7432B6A441A0023046C /* PigeonFacts.mp3 */; };
		182EB7522B6A441A0023046C /* CatFacts.mp3 in Resources */ = {isa = PBXBuildFile; fileRef = 182EB7442B6A441A0023046C /* CatFacts.mp3 */; };
		182EB7532B6A441A0023046C /* HawkFacts.mp3 in Resources */ = {isa = PBXBuildFile; fileRef = 182EB7452B6A441A0023046C /* HawkFacts.mp3 */; };
		182EB7542B6A441A0023046C /* BirdFacts.mp3 in Resources */ = {isa = PBXBuildFile; fileRef = 182EB7462B6A441A0023046C /* BirdFacts.mp3 */; };
		182EB7552B6A441A0023046C /* HorseFacts.mp3 in Resources */ = {isa = PBXBuildFile; fileRef = 182EB7472B6A441A0023046C /* HorseFacts.mp3 */; };
		182EB7562B6A441A0023046C /* DogFacts.mp3 in Resources */ = {isa = PBXBuildFile; fileRef = 182EB7482B6A441A0023046C /* DogFacts.mp3 */; };
		182EB7572B6A441A0023046C /* GazelleFacts.mp3 in Resources */ = {isa = PBXBuildFile; fileRef = 182EB7492B6A441A0023046C /* GazelleFacts.mp3 */; };
		182EB7662B6A49530023046C /* BirdSound.mp3 in Resources */ = {isa = PBXBuildFile; fileRef = 182EB7592B6A49520023046C /* BirdSound.mp3 */; };
		182EB7672B6A49530023046C /* PigeonSound.mp3 in Resources */ = {isa = PBXBuildFile; fileRef = 182EB75A2B6A49520023046C /* PigeonSound.mp3 */; };
		182EB7682B6A49530023046C /* CowSound.mp3 in Resources */ = {isa = PBXBuildFile; fileRef = 182EB75B2B6A49520023046C /* CowSound.mp3 */; };
		182EB7692B6A49530023046C /* SheepSound.mp3 in Resources */ = {isa = PBXBuildFile; fileRef = 182EB75C2B6A49520023046C /* SheepSound.mp3 */; };
		182EB76A2B6A49530023046C /* DogSound.mp3 in Resources */ = {isa = PBXBuildFile; fileRef = 182EB75D2B6A49520023046C /* DogSound.mp3 */; };
		182EB76B2B6A49530023046C /* SnakeSound.mp3 in Resources */ = {isa = PBXBuildFile; fileRef = 182EB75E2B6A49520023046C /* SnakeSound.mp3 */; };
		182EB76C2B6A49530023046C /* HorseSound.mp3 in Resources */ = {isa = PBXBuildFile; fileRef = 182EB75F2B6A49520023046C /* HorseSound.mp3 */; };
		182EB76D2B6A49530023046C /* CamelSound.mp3 in Resources */ = {isa = PBXBuildFile; fileRef = 182EB7602B6A49520023046C /* CamelSound.mp3 */; };
		182EB76E2B6A49530023046C /* GazelleSound.mp3 in Resources */ = {isa = PBXBuildFile; fileRef = 182EB7612B6A49520023046C /* GazelleSound.mp3 */; };
		182EB76F2B6A49530023046C /* CatSound.mp3 in Resources */ = {isa = PBXBuildFile; fileRef = 182EB7622B6A49520023046C /* CatSound.mp3 */; };
		182EB7702B6A49530023046C /* HawkSound.mp3 in Resources */ = {isa = PBXBuildFile; fileRef = 182EB7632B6A49520023046C /* HawkSound.mp3 */; };
		182EB7712B6A49530023046C /* WolfSound.mp3 in Resources */ = {isa = PBXBuildFile; fileRef = 182EB7642B6A49530023046C /* WolfSound.mp3 */; };
		182EB7722B6A49530023046C /* LizardSound.mp3 in Resources */ = {isa = PBXBuildFile; fileRef = 182EB7652B6A49530023046C /* LizardSound.mp3 */; };
		18EE74762B6BFE750048E68B /* PigeonFacts_ar.mp3 in Resources */ = {isa = PBXBuildFile; fileRef = 18EE74682B6BFE750048E68B /* PigeonFacts_ar.mp3 */; };
		18EE74772B6BFE750048E68B /* HawkFacts_ar.mp3 in Resources */ = {isa = PBXBuildFile; fileRef = 18EE74692B6BFE750048E68B /* HawkFacts_ar.mp3 */; };
		18EE74782B6BFE750048E68B /* DogFacts_ar.mp3 in Resources */ = {isa = PBXBuildFile; fileRef = 18EE746A2B6BFE750048E68B /* DogFacts_ar.mp3 */; };
		18EE74792B6BFE750048E68B /* CamelFacts_ar.mp3 in Resources */ = {isa = PBXBuildFile; fileRef = 18EE746B2B6BFE750048E68B /* CamelFacts_ar.mp3 */; };
		18EE747A2B6BFE750048E68B /* CowFacts_ar.mp3 in Resources */ = {isa = PBXBuildFile; fileRef = 18EE746C2B6BFE750048E68B /* CowFacts_ar.mp3 */; };
		18EE747B2B6BFE750048E68B /* WolfFacts_ar.mp3 in Resources */ = {isa = PBXBuildFile; fileRef = 18EE746D2B6BFE750048E68B /* WolfFacts_ar.mp3 */; };
		18EE747C2B6BFE750048E68B /* HorseFacts_ar.mp3 in Resources */ = {isa = PBXBuildFile; fileRef = 18EE746E2B6BFE750048E68B /* HorseFacts_ar.mp3 */; };
		18EE747D2B6BFE750048E68B /* SnakeFacts_ar.mp3 in Resources */ = {isa = PBXBuildFile; fileRef = 18EE746F2B6BFE750048E68B /* SnakeFacts_ar.mp3 */; };
		18EE747E2B6BFE750048E68B /* BirdFacts_ar.mp3 in Resources */ = {isa = PBXBuildFile; fileRef = 18EE74702B6BFE750048E68B /* BirdFacts_ar.mp3 */; };
		18EE747F2B6BFE750048E68B /* GazelleFacts_ar.mp3 in Resources */ = {isa = PBXBuildFile; fileRef = 18EE74712B6BFE750048E68B /* GazelleFacts_ar.mp3 */; };
		18EE74802B6BFE750048E68B /* SheepFacts_ar.mp3 in Resources */ = {isa = PBXBuildFile; fileRef = 18EE74722B6BFE750048E68B /* SheepFacts_ar.mp3 */; };
		18EE74812B6BFE750048E68B /* ScorpionFacts_ar.mp3 in Resources */ = {isa = PBXBuildFile; fileRef = 18EE74732B6BFE750048E68B /* ScorpionFacts_ar.mp3 */; };
		18EE74822B6BFE750048E68B /* LizardFacts_ar.mp3 in Resources */ = {isa = PBXBuildFile; fileRef = 18EE74742B6BFE750048E68B /* LizardFacts_ar.mp3 */; };
		18EE74832B6BFE750048E68B /* CatFacts_ar.mp3 in Resources */ = {isa = PBXBuildFile; fileRef = 18EE74752B6BFE750048E68B /* CatFacts_ar.mp3 */; };
		18FECEC82B60FC38001B566F /* AnimalsModel.swift in Sources */ = {isa = PBXBuildFile; fileRef = 18FECEC72B60FC38001B566F /* AnimalsModel.swift */; };
		18FECEDC2B62584E001B566F /* AnimalFactView.swift in Sources */ = {isa = PBXBuildFile; fileRef = 18FECEDB2B62584E001B566F /* AnimalFactView.swift */; };
		29F5589C2B623DBF001FC793 /* QuizView.swift in Sources */ = {isa = PBXBuildFile; fileRef = 29F5589B2B623DBF001FC793 /* QuizView.swift */; };
		39796E262B663E0C00C35D57 /* sucessMassage.swift in Sources */ = {isa = PBXBuildFile; fileRef = 39796E252B663E0C00C35D57 /* sucessMassage.swift */; };
		3990E30B2B6CEB2700D51966 /* LizardSound_ar.mp3 in Resources */ = {isa = PBXBuildFile; fileRef = 3990E2FE2B6CEB2700D51966 /* LizardSound_ar.mp3 */; };
		3990E30C2B6CEB2700D51966 /* SheepSound_ar.mp3 in Resources */ = {isa = PBXBuildFile; fileRef = 3990E2FF2B6CEB2700D51966 /* SheepSound_ar.mp3 */; };
		3990E30D2B6CEB2700D51966 /* CowSound_ar.mp3 in Resources */ = {isa = PBXBuildFile; fileRef = 3990E3002B6CEB2700D51966 /* CowSound_ar.mp3 */; };
		3990E30E2B6CEB2700D51966 /* SnakeSound_ar.mp3 in Resources */ = {isa = PBXBuildFile; fileRef = 3990E3012B6CEB2700D51966 /* SnakeSound_ar.mp3 */; };
		3990E30F2B6CEB2700D51966 /* CatSound_ar.mp3 in Resources */ = {isa = PBXBuildFile; fileRef = 3990E3022B6CEB2700D51966 /* CatSound_ar.mp3 */; };
		3990E3102B6CEB2700D51966 /* PigeonSound_ar.mp3 in Resources */ = {isa = PBXBuildFile; fileRef = 3990E3032B6CEB2700D51966 /* PigeonSound_ar.mp3 */; };
		3990E3112B6CEB2700D51966 /* DogSound_ar.mp3 in Resources */ = {isa = PBXBuildFile; fileRef = 3990E3042B6CEB2700D51966 /* DogSound_ar.mp3 */; };
		3990E3122B6CEB2700D51966 /* WolfSound_ar.mp3 in Resources */ = {isa = PBXBuildFile; fileRef = 3990E3052B6CEB2700D51966 /* WolfSound_ar.mp3 */; };
		3990E3132B6CEB2700D51966 /* BirdSound_ar.mp3 in Resources */ = {isa = PBXBuildFile; fileRef = 3990E3062B6CEB2700D51966 /* BirdSound_ar.mp3 */; };
		3990E3142B6CEB2700D51966 /* GazelleSound_ar.mp3 in Resources */ = {isa = PBXBuildFile; fileRef = 3990E3072B6CEB2700D51966 /* GazelleSound_ar.mp3 */; };
		3990E3152B6CEB2700D51966 /* HawkSound_ar.mp3 in Resources */ = {isa = PBXBuildFile; fileRef = 3990E3082B6CEB2700D51966 /* HawkSound_ar.mp3 */; };
		3990E3162B6CEB2700D51966 /* HorseSound_ar.mp3 in Resources */ = {isa = PBXBuildFile; fileRef = 3990E3092B6CEB2700D51966 /* HorseSound_ar.mp3 */; };
		3990E3172B6CEB2700D51966 /* CamelSound_ar.mp3 in Resources */ = {isa = PBXBuildFile; fileRef = 3990E30A2B6CEB2700D51966 /* CamelSound_ar.mp3 */; };
		39997D392B6BD3A700229918 /* QuizSound.mp3 in Resources */ = {isa = PBXBuildFile; fileRef = 39997D382B6BD3A700229918 /* QuizSound.mp3 */; };
		39997D3B2B6BD3C800229918 /* AnimalsListSound.mp3 in Resources */ = {isa = PBXBuildFile; fileRef = 39997D3A2B6BD3C800229918 /* AnimalsListSound.mp3 */; };
		39997D3D2B6BD40900229918 /* ZooSound.mp3 in Resources */ = {isa = PBXBuildFile; fileRef = 39997D3C2B6BD40900229918 /* ZooSound.mp3 */; };
		39997D3F2B6BD81D00229918 /* Localizable.xcstrings in Resources */ = {isa = PBXBuildFile; fileRef = 39997D3E2B6BD81D00229918 /* Localizable.xcstrings */; };
		39997D442B6BD90100229918 /* QuizSound_ar.mp3 in Resources */ = {isa = PBXBuildFile; fileRef = 39997D432B6BD90100229918 /* QuizSound_ar.mp3 */; };
		39997D462B6BD93E00229918 /* AnimalsListSound_ar.mp3 in Resources */ = {isa = PBXBuildFile; fileRef = 39997D452B6BD93E00229918 /* AnimalsListSound_ar.mp3 */; };
		39BD995F2B6E3F39002D58E5 /* Triangle.swift in Sources */ = {isa = PBXBuildFile; fileRef = 39BD995E2B6E3F39002D58E5 /* Triangle.swift */; };
		39CCBB642B66225300CE544C /* animalListCard.swift in Sources */ = {isa = PBXBuildFile; fileRef = 39CCBB632B66225300CE544C /* animalListCard.swift */; };
		39CCBB662B66229500CE544C /* animalsList.swift in Sources */ = {isa = PBXBuildFile; fileRef = 39CCBB652B66229500CE544C /* animalsList.swift */; };
		90BC255C2B652F3F0069186A /* CharactersView.swift in Sources */ = {isa = PBXBuildFile; fileRef = 90BC255B2B652F3F0069186A /* CharactersView.swift */; };
		90BC255E2B652F7E0069186A /* NameView.swift in Sources */ = {isa = PBXBuildFile; fileRef = 90BC255D2B652F7E0069186A /* NameView.swift */; };
		90BC25602B652FC60069186A /* HomePageView.swift in Sources */ = {isa = PBXBuildFile; fileRef = 90BC255F2B652FC60069186A /* HomePageView.swift */; };
		90BC25622B65301C0069186A /* MapView.swift in Sources */ = {isa = PBXBuildFile; fileRef = 90BC25612B65301C0069186A /* MapView.swift */; };
		90BC25642B6530C90069186A /* ShomukhView.swift in Sources */ = {isa = PBXBuildFile; fileRef = 90BC25632B6530C90069186A /* ShomukhView.swift */; };
		90BC25662B65314D0069186A /* RahafView.swift in Sources */ = {isa = PBXBuildFile; fileRef = 90BC25652B65314D0069186A /* RahafView.swift */; };
		90BC25682B65317F0069186A /* Model.swift in Sources */ = {isa = PBXBuildFile; fileRef = 90BC25672B65317F0069186A /* Model.swift */; };
		90BC256A2B6532030069186A /* SplashView.swift in Sources */ = {isa = PBXBuildFile; fileRef = 90BC25692B6532030069186A /* SplashView.swift */; };
		EE122E4F2B5F9C70009FAACD /* AnimalGameApp.swift in Sources */ = {isa = PBXBuildFile; fileRef = EE122E4E2B5F9C70009FAACD /* AnimalGameApp.swift */; };
		EE122E512B5F9C70009FAACD /* ContentView.swift in Sources */ = {isa = PBXBuildFile; fileRef = EE122E502B5F9C70009FAACD /* ContentView.swift */; };
		EE122E532B5F9C71009FAACD /* Assets.xcassets in Resources */ = {isa = PBXBuildFile; fileRef = EE122E522B5F9C71009FAACD /* Assets.xcassets */; };
		EE122E562B5F9C71009FAACD /* Preview Assets.xcassets in Resources */ = {isa = PBXBuildFile; fileRef = EE122E552B5F9C71009FAACD /* Preview Assets.xcassets */; };
/* End PBXBuildFile section */

/* Begin PBXFileReference section */
		182EB71E2B6A344F0023046C /* SoundsModel.swift */ = {isa = PBXFileReference; lastKnownFileType = sourcecode.swift; path = SoundsModel.swift; sourceTree = "<group>"; };
		182EB73C2B6A441A0023046C /* SheepFacts.mp3 */ = {isa = PBXFileReference; lastKnownFileType = audio.mp3; path = SheepFacts.mp3; sourceTree = "<group>"; };
		182EB73D2B6A441A0023046C /* SnakeFacts.mp3 */ = {isa = PBXFileReference; lastKnownFileType = audio.mp3; path = SnakeFacts.mp3; sourceTree = "<group>"; };
		182EB73E2B6A441A0023046C /* LizardFacts.mp3 */ = {isa = PBXFileReference; lastKnownFileType = audio.mp3; path = LizardFacts.mp3; sourceTree = "<group>"; };
		182EB73F2B6A441A0023046C /* CamelFacts.mp3 */ = {isa = PBXFileReference; lastKnownFileType = audio.mp3; path = CamelFacts.mp3; sourceTree = "<group>"; };
		182EB7402B6A441A0023046C /* ScorpionFacts.mp3 */ = {isa = PBXFileReference; lastKnownFileType = audio.mp3; path = ScorpionFacts.mp3; sourceTree = "<group>"; };
		182EB7412B6A441A0023046C /* CowFacts.mp3 */ = {isa = PBXFileReference; lastKnownFileType = audio.mp3; path = CowFacts.mp3; sourceTree = "<group>"; };
		182EB7422B6A441A0023046C /* WolfFacts.mp3 */ = {isa = PBXFileReference; lastKnownFileType = audio.mp3; path = WolfFacts.mp3; sourceTree = "<group>"; };
		182EB7432B6A441A0023046C /* PigeonFacts.mp3 */ = {isa = PBXFileReference; lastKnownFileType = audio.mp3; path = PigeonFacts.mp3; sourceTree = "<group>"; };
		182EB7442B6A441A0023046C /* CatFacts.mp3 */ = {isa = PBXFileReference; lastKnownFileType = audio.mp3; path = CatFacts.mp3; sourceTree = "<group>"; };
		182EB7452B6A441A0023046C /* HawkFacts.mp3 */ = {isa = PBXFileReference; lastKnownFileType = audio.mp3; path = HawkFacts.mp3; sourceTree = "<group>"; };
		182EB7462B6A441A0023046C /* BirdFacts.mp3 */ = {isa = PBXFileReference; lastKnownFileType = audio.mp3; path = BirdFacts.mp3; sourceTree = "<group>"; };
		182EB7472B6A441A0023046C /* HorseFacts.mp3 */ = {isa = PBXFileReference; lastKnownFileType = audio.mp3; path = HorseFacts.mp3; sourceTree = "<group>"; };
		182EB7482B6A441A0023046C /* DogFacts.mp3 */ = {isa = PBXFileReference; lastKnownFileType = audio.mp3; path = DogFacts.mp3; sourceTree = "<group>"; };
		182EB7492B6A441A0023046C /* GazelleFacts.mp3 */ = {isa = PBXFileReference; lastKnownFileType = audio.mp3; path = GazelleFacts.mp3; sourceTree = "<group>"; };
		182EB7592B6A49520023046C /* BirdSound.mp3 */ = {isa = PBXFileReference; lastKnownFileType = audio.mp3; path = BirdSound.mp3; sourceTree = "<group>"; };
		182EB75A2B6A49520023046C /* PigeonSound.mp3 */ = {isa = PBXFileReference; lastKnownFileType = audio.mp3; path = PigeonSound.mp3; sourceTree = "<group>"; };
		182EB75B2B6A49520023046C /* CowSound.mp3 */ = {isa = PBXFileReference; lastKnownFileType = audio.mp3; path = CowSound.mp3; sourceTree = "<group>"; };
		182EB75C2B6A49520023046C /* SheepSound.mp3 */ = {isa = PBXFileReference; lastKnownFileType = audio.mp3; path = SheepSound.mp3; sourceTree = "<group>"; };
		182EB75D2B6A49520023046C /* DogSound.mp3 */ = {isa = PBXFileReference; lastKnownFileType = audio.mp3; path = DogSound.mp3; sourceTree = "<group>"; };
		182EB75E2B6A49520023046C /* SnakeSound.mp3 */ = {isa = PBXFileReference; lastKnownFileType = audio.mp3; path = SnakeSound.mp3; sourceTree = "<group>"; };
		182EB75F2B6A49520023046C /* HorseSound.mp3 */ = {isa = PBXFileReference; lastKnownFileType = audio.mp3; path = HorseSound.mp3; sourceTree = "<group>"; };
		182EB7602B6A49520023046C /* CamelSound.mp3 */ = {isa = PBXFileReference; lastKnownFileType = audio.mp3; path = CamelSound.mp3; sourceTree = "<group>"; };
		182EB7612B6A49520023046C /* GazelleSound.mp3 */ = {isa = PBXFileReference; lastKnownFileType = audio.mp3; path = GazelleSound.mp3; sourceTree = "<group>"; };
		182EB7622B6A49520023046C /* CatSound.mp3 */ = {isa = PBXFileReference; lastKnownFileType = audio.mp3; path = CatSound.mp3; sourceTree = "<group>"; };
		182EB7632B6A49520023046C /* HawkSound.mp3 */ = {isa = PBXFileReference; lastKnownFileType = audio.mp3; path = HawkSound.mp3; sourceTree = "<group>"; };
		182EB7642B6A49530023046C /* WolfSound.mp3 */ = {isa = PBXFileReference; lastKnownFileType = audio.mp3; path = WolfSound.mp3; sourceTree = "<group>"; };
		182EB7652B6A49530023046C /* LizardSound.mp3 */ = {isa = PBXFileReference; lastKnownFileType = audio.mp3; path = LizardSound.mp3; sourceTree = "<group>"; };
		18EE74682B6BFE750048E68B /* PigeonFacts_ar.mp3 */ = {isa = PBXFileReference; lastKnownFileType = audio.mp3; path = PigeonFacts_ar.mp3; sourceTree = "<group>"; };
		18EE74692B6BFE750048E68B /* HawkFacts_ar.mp3 */ = {isa = PBXFileReference; lastKnownFileType = audio.mp3; path = HawkFacts_ar.mp3; sourceTree = "<group>"; };
		18EE746A2B6BFE750048E68B /* DogFacts_ar.mp3 */ = {isa = PBXFileReference; lastKnownFileType = audio.mp3; path = DogFacts_ar.mp3; sourceTree = "<group>"; };
		18EE746B2B6BFE750048E68B /* CamelFacts_ar.mp3 */ = {isa = PBXFileReference; lastKnownFileType = audio.mp3; path = CamelFacts_ar.mp3; sourceTree = "<group>"; };
		18EE746C2B6BFE750048E68B /* CowFacts_ar.mp3 */ = {isa = PBXFileReference; lastKnownFileType = audio.mp3; path = CowFacts_ar.mp3; sourceTree = "<group>"; };
		18EE746D2B6BFE750048E68B /* WolfFacts_ar.mp3 */ = {isa = PBXFileReference; lastKnownFileType = audio.mp3; path = WolfFacts_ar.mp3; sourceTree = "<group>"; };
		18EE746E2B6BFE750048E68B /* HorseFacts_ar.mp3 */ = {isa = PBXFileReference; lastKnownFileType = audio.mp3; path = HorseFacts_ar.mp3; sourceTree = "<group>"; };
		18EE746F2B6BFE750048E68B /* SnakeFacts_ar.mp3 */ = {isa = PBXFileReference; lastKnownFileType = audio.mp3; path = SnakeFacts_ar.mp3; sourceTree = "<group>"; };
		18EE74702B6BFE750048E68B /* BirdFacts_ar.mp3 */ = {isa = PBXFileReference; lastKnownFileType = audio.mp3; path = BirdFacts_ar.mp3; sourceTree = "<group>"; };
		18EE74712B6BFE750048E68B /* GazelleFacts_ar.mp3 */ = {isa = PBXFileReference; lastKnownFileType = audio.mp3; path = GazelleFacts_ar.mp3; sourceTree = "<group>"; };
		18EE74722B6BFE750048E68B /* SheepFacts_ar.mp3 */ = {isa = PBXFileReference; lastKnownFileType = audio.mp3; path = SheepFacts_ar.mp3; sourceTree = "<group>"; };
		18EE74732B6BFE750048E68B /* ScorpionFacts_ar.mp3 */ = {isa = PBXFileReference; lastKnownFileType = audio.mp3; path = ScorpionFacts_ar.mp3; sourceTree = "<group>"; };
		18EE74742B6BFE750048E68B /* LizardFacts_ar.mp3 */ = {isa = PBXFileReference; lastKnownFileType = audio.mp3; path = LizardFacts_ar.mp3; sourceTree = "<group>"; };
		18EE74752B6BFE750048E68B /* CatFacts_ar.mp3 */ = {isa = PBXFileReference; lastKnownFileType = audio.mp3; path = CatFacts_ar.mp3; sourceTree = "<group>"; };
		18FECEC72B60FC38001B566F /* AnimalsModel.swift */ = {isa = PBXFileReference; lastKnownFileType = sourcecode.swift; path = AnimalsModel.swift; sourceTree = "<group>"; };
		18FECEDB2B62584E001B566F /* AnimalFactView.swift */ = {isa = PBXFileReference; lastKnownFileType = sourcecode.swift; path = AnimalFactView.swift; sourceTree = "<group>"; };
		29F5589B2B623DBF001FC793 /* QuizView.swift */ = {isa = PBXFileReference; lastKnownFileType = sourcecode.swift; name = QuizView.swift; path = ../QuizView.swift; sourceTree = "<group>"; };
		39796E252B663E0C00C35D57 /* sucessMassage.swift */ = {isa = PBXFileReference; lastKnownFileType = sourcecode.swift; path = sucessMassage.swift; sourceTree = "<group>"; };
		3990E2FE2B6CEB2700D51966 /* LizardSound_ar.mp3 */ = {isa = PBXFileReference; lastKnownFileType = audio.mp3; path = LizardSound_ar.mp3; sourceTree = "<group>"; };
		3990E2FF2B6CEB2700D51966 /* SheepSound_ar.mp3 */ = {isa = PBXFileReference; lastKnownFileType = audio.mp3; path = SheepSound_ar.mp3; sourceTree = "<group>"; };
		3990E3002B6CEB2700D51966 /* CowSound_ar.mp3 */ = {isa = PBXFileReference; lastKnownFileType = audio.mp3; path = CowSound_ar.mp3; sourceTree = "<group>"; };
		3990E3012B6CEB2700D51966 /* SnakeSound_ar.mp3 */ = {isa = PBXFileReference; lastKnownFileType = audio.mp3; path = SnakeSound_ar.mp3; sourceTree = "<group>"; };
		3990E3022B6CEB2700D51966 /* CatSound_ar.mp3 */ = {isa = PBXFileReference; lastKnownFileType = audio.mp3; path = CatSound_ar.mp3; sourceTree = "<group>"; };
		3990E3032B6CEB2700D51966 /* PigeonSound_ar.mp3 */ = {isa = PBXFileReference; lastKnownFileType = audio.mp3; path = PigeonSound_ar.mp3; sourceTree = "<group>"; };
		3990E3042B6CEB2700D51966 /* DogSound_ar.mp3 */ = {isa = PBXFileReference; lastKnownFileType = audio.mp3; path = DogSound_ar.mp3; sourceTree = "<group>"; };
		3990E3052B6CEB2700D51966 /* WolfSound_ar.mp3 */ = {isa = PBXFileReference; lastKnownFileType = audio.mp3; path = WolfSound_ar.mp3; sourceTree = "<group>"; };
		3990E3062B6CEB2700D51966 /* BirdSound_ar.mp3 */ = {isa = PBXFileReference; lastKnownFileType = audio.mp3; path = BirdSound_ar.mp3; sourceTree = "<group>"; };
		3990E3072B6CEB2700D51966 /* GazelleSound_ar.mp3 */ = {isa = PBXFileReference; lastKnownFileType = audio.mp3; path = GazelleSound_ar.mp3; sourceTree = "<group>"; };
		3990E3082B6CEB2700D51966 /* HawkSound_ar.mp3 */ = {isa = PBXFileReference; lastKnownFileType = audio.mp3; path = HawkSound_ar.mp3; sourceTree = "<group>"; };
		3990E3092B6CEB2700D51966 /* HorseSound_ar.mp3 */ = {isa = PBXFileReference; lastKnownFileType = audio.mp3; path = HorseSound_ar.mp3; sourceTree = "<group>"; };
		3990E30A2B6CEB2700D51966 /* CamelSound_ar.mp3 */ = {isa = PBXFileReference; lastKnownFileType = audio.mp3; path = CamelSound_ar.mp3; sourceTree = "<group>"; };
		39997D382B6BD3A700229918 /* QuizSound.mp3 */ = {isa = PBXFileReference; lastKnownFileType = audio.mp3; path = QuizSound.mp3; sourceTree = "<group>"; };
		39997D3A2B6BD3C800229918 /* AnimalsListSound.mp3 */ = {isa = PBXFileReference; lastKnownFileType = audio.mp3; path = AnimalsListSound.mp3; sourceTree = "<group>"; };
		39997D3C2B6BD40900229918 /* ZooSound.mp3 */ = {isa = PBXFileReference; lastKnownFileType = audio.mp3; path = ZooSound.mp3; sourceTree = "<group>"; };
		39997D3E2B6BD81D00229918 /* Localizable.xcstrings */ = {isa = PBXFileReference; lastKnownFileType = text.json.xcstrings; path = Localizable.xcstrings; sourceTree = "<group>"; };
		39997D432B6BD90100229918 /* QuizSound_ar.mp3 */ = {isa = PBXFileReference; lastKnownFileType = audio.mp3; path = QuizSound_ar.mp3; sourceTree = "<group>"; };
		39997D452B6BD93E00229918 /* AnimalsListSound_ar.mp3 */ = {isa = PBXFileReference; lastKnownFileType = audio.mp3; path = AnimalsListSound_ar.mp3; sourceTree = "<group>"; };
		39997D472B6BDDFC00229918 /* ZooSound_ar.mp3 */ = {isa = PBXFileReference; lastKnownFileType = audio.mp3; path = ZooSound_ar.mp3; sourceTree = "<group>"; };
		39BD995E2B6E3F39002D58E5 /* Triangle.swift */ = {isa = PBXFileReference; lastKnownFileType = sourcecode.swift; path = Triangle.swift; sourceTree = "<group>"; };
		39CCBB632B66225300CE544C /* animalListCard.swift */ = {isa = PBXFileReference; lastKnownFileType = sourcecode.swift; path = animalListCard.swift; sourceTree = "<group>"; };
		39CCBB652B66229500CE544C /* animalsList.swift */ = {isa = PBXFileReference; lastKnownFileType = sourcecode.swift; path = animalsList.swift; sourceTree = "<group>"; };
		90BC255B2B652F3F0069186A /* CharactersView.swift */ = {isa = PBXFileReference; lastKnownFileType = sourcecode.swift; path = CharactersView.swift; sourceTree = "<group>"; };
		90BC255D2B652F7E0069186A /* NameView.swift */ = {isa = PBXFileReference; lastKnownFileType = sourcecode.swift; path = NameView.swift; sourceTree = "<group>"; };
		90BC255F2B652FC60069186A /* HomePageView.swift */ = {isa = PBXFileReference; lastKnownFileType = sourcecode.swift; path = HomePageView.swift; sourceTree = "<group>"; };
		90BC25612B65301C0069186A /* MapView.swift */ = {isa = PBXFileReference; lastKnownFileType = sourcecode.swift; path = MapView.swift; sourceTree = "<group>"; };
		90BC25632B6530C90069186A /* ShomukhView.swift */ = {isa = PBXFileReference; lastKnownFileType = sourcecode.swift; path = ShomukhView.swift; sourceTree = "<group>"; };
		90BC25652B65314D0069186A /* RahafView.swift */ = {isa = PBXFileReference; lastKnownFileType = sourcecode.swift; path = RahafView.swift; sourceTree = "<group>"; };
		90BC25672B65317F0069186A /* Model.swift */ = {isa = PBXFileReference; lastKnownFileType = sourcecode.swift; path = Model.swift; sourceTree = "<group>"; };
		90BC25692B6532030069186A /* SplashView.swift */ = {isa = PBXFileReference; lastKnownFileType = sourcecode.swift; path = SplashView.swift; sourceTree = "<group>"; };
		EE122E4B2B5F9C70009FAACD /* AnimalGame.app */ = {isa = PBXFileReference; explicitFileType = wrapper.application; includeInIndex = 0; path = AnimalGame.app; sourceTree = BUILT_PRODUCTS_DIR; };
		EE122E4E2B5F9C70009FAACD /* AnimalGameApp.swift */ = {isa = PBXFileReference; lastKnownFileType = sourcecode.swift; path = AnimalGameApp.swift; sourceTree = "<group>"; };
		EE122E502B5F9C70009FAACD /* ContentView.swift */ = {isa = PBXFileReference; lastKnownFileType = sourcecode.swift; path = ContentView.swift; sourceTree = "<group>"; };
		EE122E522B5F9C71009FAACD /* Assets.xcassets */ = {isa = PBXFileReference; lastKnownFileType = folder.assetcatalog; path = Assets.xcassets; sourceTree = "<group>"; };
		EE122E552B5F9C71009FAACD /* Preview Assets.xcassets */ = {isa = PBXFileReference; lastKnownFileType = folder.assetcatalog; path = "Preview Assets.xcassets"; sourceTree = "<group>"; };
/* End PBXFileReference section */

/* Begin PBXFrameworksBuildPhase section */
		EE122E482B5F9C70009FAACD /* Frameworks */ = {
			isa = PBXFrameworksBuildPhase;
			buildActionMask = 2147483647;
			files = (
			);
			runOnlyForDeploymentPostprocessing = 0;
		};
/* End PBXFrameworksBuildPhase section */

/* Begin PBXGroup section */
		182EB6FC2B6979D70023046C /* Sounds */ = {
			isa = PBXGroup;
			children = (
				3990E2FD2B6CEAFE00D51966 /* ArabicAnimalSound */,
				18EE74672B6BFAF50048E68B /* FactsA */,
				39997D372B6BD33800229918 /* EnglishPageSound */,
				182EB7582B6A49340023046C /* AnimalSounds */,
				182EB6FD2B697A5D0023046C /* FactsE */,
			);
			path = Sounds;
			sourceTree = "<group>";
		};
		182EB6FD2B697A5D0023046C /* FactsE */ = {
			isa = PBXGroup;
			children = (
				182EB7462B6A441A0023046C /* BirdFacts.mp3 */,
				182EB73F2B6A441A0023046C /* CamelFacts.mp3 */,
				182EB7442B6A441A0023046C /* CatFacts.mp3 */,
				182EB7412B6A441A0023046C /* CowFacts.mp3 */,
				182EB7482B6A441A0023046C /* DogFacts.mp3 */,
				182EB7492B6A441A0023046C /* GazelleFacts.mp3 */,
				182EB7452B6A441A0023046C /* HawkFacts.mp3 */,
				182EB7472B6A441A0023046C /* HorseFacts.mp3 */,
				182EB73E2B6A441A0023046C /* LizardFacts.mp3 */,
				182EB7432B6A441A0023046C /* PigeonFacts.mp3 */,
				182EB7402B6A441A0023046C /* ScorpionFacts.mp3 */,
				182EB73C2B6A441A0023046C /* SheepFacts.mp3 */,
				182EB73D2B6A441A0023046C /* SnakeFacts.mp3 */,
				182EB7422B6A441A0023046C /* WolfFacts.mp3 */,
			);
			path = FactsE;
			sourceTree = "<group>";
		};
		182EB7582B6A49340023046C /* AnimalSounds */ = {
			isa = PBXGroup;
			children = (
				182EB7592B6A49520023046C /* BirdSound.mp3 */,
				182EB7602B6A49520023046C /* CamelSound.mp3 */,
				182EB7622B6A49520023046C /* CatSound.mp3 */,
				182EB75B2B6A49520023046C /* CowSound.mp3 */,
				182EB75D2B6A49520023046C /* DogSound.mp3 */,
				182EB7612B6A49520023046C /* GazelleSound.mp3 */,
				182EB7632B6A49520023046C /* HawkSound.mp3 */,
				182EB75F2B6A49520023046C /* HorseSound.mp3 */,
				182EB7652B6A49530023046C /* LizardSound.mp3 */,
				182EB75A2B6A49520023046C /* PigeonSound.mp3 */,
				182EB75C2B6A49520023046C /* SheepSound.mp3 */,
				182EB75E2B6A49520023046C /* SnakeSound.mp3 */,
				182EB7642B6A49530023046C /* WolfSound.mp3 */,
			);
			path = AnimalSounds;
			sourceTree = "<group>";
		};
		18EE74672B6BFAF50048E68B /* FactsA */ = {
			isa = PBXGroup;
			children = (
				18EE74702B6BFE750048E68B /* BirdFacts_ar.mp3 */,
				18EE746B2B6BFE750048E68B /* CamelFacts_ar.mp3 */,
				18EE74752B6BFE750048E68B /* CatFacts_ar.mp3 */,
				18EE746C2B6BFE750048E68B /* CowFacts_ar.mp3 */,
				18EE746A2B6BFE750048E68B /* DogFacts_ar.mp3 */,
				18EE74712B6BFE750048E68B /* GazelleFacts_ar.mp3 */,
				18EE74692B6BFE750048E68B /* HawkFacts_ar.mp3 */,
				18EE746E2B6BFE750048E68B /* HorseFacts_ar.mp3 */,
				18EE74742B6BFE750048E68B /* LizardFacts_ar.mp3 */,
				18EE74682B6BFE750048E68B /* PigeonFacts_ar.mp3 */,
				18EE74732B6BFE750048E68B /* ScorpionFacts_ar.mp3 */,
				18EE74722B6BFE750048E68B /* SheepFacts_ar.mp3 */,
				18EE746F2B6BFE750048E68B /* SnakeFacts_ar.mp3 */,
				18EE746D2B6BFE750048E68B /* WolfFacts_ar.mp3 */,
			);
			path = FactsA;
			sourceTree = "<group>";
		};
		3990E2FD2B6CEAFE00D51966 /* ArabicAnimalSound */ = {
			isa = PBXGroup;
			children = (
				3990E3062B6CEB2700D51966 /* BirdSound_ar.mp3 */,
				3990E30A2B6CEB2700D51966 /* CamelSound_ar.mp3 */,
				3990E3022B6CEB2700D51966 /* CatSound_ar.mp3 */,
				3990E3002B6CEB2700D51966 /* CowSound_ar.mp3 */,
				3990E3042B6CEB2700D51966 /* DogSound_ar.mp3 */,
				3990E3072B6CEB2700D51966 /* GazelleSound_ar.mp3 */,
				3990E3082B6CEB2700D51966 /* HawkSound_ar.mp3 */,
				3990E3092B6CEB2700D51966 /* HorseSound_ar.mp3 */,
				3990E2FE2B6CEB2700D51966 /* LizardSound_ar.mp3 */,
				3990E3032B6CEB2700D51966 /* PigeonSound_ar.mp3 */,
				3990E2FF2B6CEB2700D51966 /* SheepSound_ar.mp3 */,
				3990E3012B6CEB2700D51966 /* SnakeSound_ar.mp3 */,
				3990E3052B6CEB2700D51966 /* WolfSound_ar.mp3 */,
			);
			path = ArabicAnimalSound;
			sourceTree = "<group>";
		};
		39997D372B6BD33800229918 /* EnglishPageSound */ = {
			isa = PBXGroup;
			children = (
				39997D452B6BD93E00229918 /* AnimalsListSound_ar.mp3 */,
				39997D472B6BDDFC00229918 /* ZooSound_ar.mp3 */,
				39997D432B6BD90100229918 /* QuizSound_ar.mp3 */,
				39997D382B6BD3A700229918 /* QuizSound.mp3 */,
				39997D3A2B6BD3C800229918 /* AnimalsListSound.mp3 */,
				39997D3C2B6BD40900229918 /* ZooSound.mp3 */,
			);
			path = EnglishPageSound;
			sourceTree = "<group>";
		};
		EE122E422B5F9C70009FAACD = {
			isa = PBXGroup;
			children = (
				EE122E4D2B5F9C70009FAACD /* AnimalGame */,
				EE122E4C2B5F9C70009FAACD /* Products */,
			);
			sourceTree = "<group>";
		};
		EE122E4C2B5F9C70009FAACD /* Products */ = {
			isa = PBXGroup;
			children = (
				EE122E4B2B5F9C70009FAACD /* AnimalGame.app */,
			);
			name = Products;
			sourceTree = "<group>";
		};
		EE122E4D2B5F9C70009FAACD /* AnimalGame */ = {
			isa = PBXGroup;
			children = (
				39997D3E2B6BD81D00229918 /* Localizable.xcstrings */,
				29F5589B2B623DBF001FC793 /* QuizView.swift */,
				39CCBB632B66225300CE544C /* animalListCard.swift */,
				39CCBB652B66229500CE544C /* animalsList.swift */,
				39796E252B663E0C00C35D57 /* sucessMassage.swift */,
				EE122E4E2B5F9C70009FAACD /* AnimalGameApp.swift */,
				90BC25692B6532030069186A /* SplashView.swift */,
				EE122E502B5F9C70009FAACD /* ContentView.swift */,
				18FECEC72B60FC38001B566F /* AnimalsModel.swift */,
				18FECEDB2B62584E001B566F /* AnimalFactView.swift */,
				90BC255B2B652F3F0069186A /* CharactersView.swift */,
				90BC255D2B652F7E0069186A /* NameView.swift */,
				90BC255F2B652FC60069186A /* HomePageView.swift */,
				90BC25612B65301C0069186A /* MapView.swift */,
				39BD995E2B6E3F39002D58E5 /* Triangle.swift */,
				90BC25652B65314D0069186A /* RahafView.swift */,
				90BC25632B6530C90069186A /* ShomukhView.swift */,
				90BC25672B65317F0069186A /* Model.swift */,
				182EB71E2B6A344F0023046C /* SoundsModel.swift */,
				182EB6FC2B6979D70023046C /* Sounds */,
				EE122E522B5F9C71009FAACD /* Assets.xcassets */,
				EE122E542B5F9C71009FAACD /* Preview Content */,
			);
			path = AnimalGame;
			sourceTree = "<group>";
		};
		EE122E542B5F9C71009FAACD /* Preview Content */ = {
			isa = PBXGroup;
			children = (
				EE122E552B5F9C71009FAACD /* Preview Assets.xcassets */,
			);
			path = "Preview Content";
			sourceTree = "<group>";
		};
/* End PBXGroup section */

/* Begin PBXNativeTarget section */
		EE122E4A2B5F9C70009FAACD /* AnimalGame */ = {
			isa = PBXNativeTarget;
			buildConfigurationList = EE122E592B5F9C71009FAACD /* Build configuration list for PBXNativeTarget "AnimalGame" */;
			buildPhases = (
				EE122E472B5F9C70009FAACD /* Sources */,
				EE122E482B5F9C70009FAACD /* Frameworks */,
				EE122E492B5F9C70009FAACD /* Resources */,
			);
			buildRules = (
			);
			dependencies = (
			);
			name = AnimalGame;
			productName = AnimalGame;
			productReference = EE122E4B2B5F9C70009FAACD /* AnimalGame.app */;
			productType = "com.apple.product-type.application";
		};
/* End PBXNativeTarget section */

/* Begin PBXProject section */
		EE122E432B5F9C70009FAACD /* Project object */ = {
			isa = PBXProject;
			attributes = {
				BuildIndependentTargetsInParallel = 1;
				LastSwiftUpdateCheck = 1500;
				LastUpgradeCheck = 1500;
				TargetAttributes = {
					EE122E4A2B5F9C70009FAACD = {
						CreatedOnToolsVersion = 15.0.1;
					};
				};
			};
			buildConfigurationList = EE122E462B5F9C70009FAACD /* Build configuration list for PBXProject "AnimalGame" */;
			compatibilityVersion = "Xcode 14.0";
			developmentRegion = en;
			hasScannedForEncodings = 0;
			knownRegions = (
				en,
				Base,
				ar,
			);
			mainGroup = EE122E422B5F9C70009FAACD;
			productRefGroup = EE122E4C2B5F9C70009FAACD /* Products */;
			projectDirPath = "";
			projectRoot = "";
			targets = (
				EE122E4A2B5F9C70009FAACD /* AnimalGame */,
			);
		};
/* End PBXProject section */

/* Begin PBXResourcesBuildPhase section */
		EE122E492B5F9C70009FAACD /* Resources */ = {
			isa = PBXResourcesBuildPhase;
			buildActionMask = 2147483647;
			files = (
				18EE74762B6BFE750048E68B /* PigeonFacts_ar.mp3 in Resources */,
				18EE74792B6BFE750048E68B /* CamelFacts_ar.mp3 in Resources */,
				3990E30C2B6CEB2700D51966 /* SheepSound_ar.mp3 in Resources */,
				182EB7562B6A441A0023046C /* DogFacts.mp3 in Resources */,
				EE122E562B5F9C71009FAACD /* Preview Assets.xcassets in Resources */,
				182EB7542B6A441A0023046C /* BirdFacts.mp3 in Resources */,
				18EE74782B6BFE750048E68B /* DogFacts_ar.mp3 in Resources */,
				182EB7572B6A441A0023046C /* GazelleFacts.mp3 in Resources */,
				182EB7712B6A49530023046C /* WolfSound.mp3 in Resources */,
				3990E3132B6CEB2700D51966 /* BirdSound_ar.mp3 in Resources */,
				39997D3F2B6BD81D00229918 /* Localizable.xcstrings in Resources */,
				3990E3162B6CEB2700D51966 /* HorseSound_ar.mp3 in Resources */,
				182EB7682B6A49530023046C /* CowSound.mp3 in Resources */,
				182EB7522B6A441A0023046C /* CatFacts.mp3 in Resources */,
				182EB74E2B6A441A0023046C /* ScorpionFacts.mp3 in Resources */,
				3990E3102B6CEB2700D51966 /* PigeonSound_ar.mp3 in Resources */,
				182EB74C2B6A441A0023046C /* LizardFacts.mp3 in Resources */,
				39997D442B6BD90100229918 /* QuizSound_ar.mp3 in Resources */,
				182EB7702B6A49530023046C /* HawkSound.mp3 in Resources */,
				39997D3B2B6BD3C800229918 /* AnimalsListSound.mp3 in Resources */,
				39997D3D2B6BD40900229918 /* ZooSound.mp3 in Resources */,
				EE122E532B5F9C71009FAACD /* Assets.xcassets in Resources */,
				182EB7672B6A49530023046C /* PigeonSound.mp3 in Resources */,
				39997D462B6BD93E00229918 /* AnimalsListSound_ar.mp3 in Resources */,
				182EB7662B6A49530023046C /* BirdSound.mp3 in Resources */,
				18EE74772B6BFE750048E68B /* HawkFacts_ar.mp3 in Resources */,
				3990E30E2B6CEB2700D51966 /* SnakeSound_ar.mp3 in Resources */,
				182EB76B2B6A49530023046C /* SnakeSound.mp3 in Resources */,
				182EB7552B6A441A0023046C /* HorseFacts.mp3 in Resources */,
				18EE747A2B6BFE750048E68B /* CowFacts_ar.mp3 in Resources */,
				182EB7722B6A49530023046C /* LizardSound.mp3 in Resources */,
				182EB76C2B6A49530023046C /* HorseSound.mp3 in Resources */,
				3990E30F2B6CEB2700D51966 /* CatSound_ar.mp3 in Resources */,
				182EB7502B6A441A0023046C /* WolfFacts.mp3 in Resources */,
				182EB74F2B6A441A0023046C /* CowFacts.mp3 in Resources */,
				39997D392B6BD3A700229918 /* QuizSound.mp3 in Resources */,
				18EE74812B6BFE750048E68B /* ScorpionFacts_ar.mp3 in Resources */,
				18EE74802B6BFE750048E68B /* SheepFacts_ar.mp3 in Resources */,
				182EB76E2B6A49530023046C /* GazelleSound.mp3 in Resources */,
				3990E3112B6CEB2700D51966 /* DogSound_ar.mp3 in Resources */,
				18EE747C2B6BFE750048E68B /* HorseFacts_ar.mp3 in Resources */,
				18EE747E2B6BFE750048E68B /* BirdFacts_ar.mp3 in Resources */,
				182EB7512B6A441A0023046C /* PigeonFacts.mp3 in Resources */,
				182EB74D2B6A441A0023046C /* CamelFacts.mp3 in Resources */,
				182EB76F2B6A49530023046C /* CatSound.mp3 in Resources */,
				3990E30B2B6CEB2700D51966 /* LizardSound_ar.mp3 in Resources */,
				3990E30D2B6CEB2700D51966 /* CowSound_ar.mp3 in Resources */,
				18EE74832B6BFE750048E68B /* CatFacts_ar.mp3 in Resources */,
				182EB76A2B6A49530023046C /* DogSound.mp3 in Resources */,
				182EB74A2B6A441A0023046C /* SheepFacts.mp3 in Resources */,
				182EB74B2B6A441A0023046C /* SnakeFacts.mp3 in Resources */,
				18EE747B2B6BFE750048E68B /* WolfFacts_ar.mp3 in Resources */,
				182EB7692B6A49530023046C /* SheepSound.mp3 in Resources */,
				18EE747D2B6BFE750048E68B /* SnakeFacts_ar.mp3 in Resources */,
				18EE74822B6BFE750048E68B /* LizardFacts_ar.mp3 in Resources */,
				18EE747F2B6BFE750048E68B /* GazelleFacts_ar.mp3 in Resources */,
				3990E3122B6CEB2700D51966 /* WolfSound_ar.mp3 in Resources */,
				182EB7532B6A441A0023046C /* HawkFacts.mp3 in Resources */,
				182EB76D2B6A49530023046C /* CamelSound.mp3 in Resources */,
				3990E3172B6CEB2700D51966 /* CamelSound_ar.mp3 in Resources */,
				3990E3142B6CEB2700D51966 /* GazelleSound_ar.mp3 in Resources */,
				3990E3152B6CEB2700D51966 /* HawkSound_ar.mp3 in Resources */,
			);
			runOnlyForDeploymentPostprocessing = 0;
		};
/* End PBXResourcesBuildPhase section */

/* Begin PBXSourcesBuildPhase section */
		EE122E472B5F9C70009FAACD /* Sources */ = {
			isa = PBXSourcesBuildPhase;
			buildActionMask = 2147483647;
			files = (
				EE122E512B5F9C70009FAACD /* ContentView.swift in Sources */,
				39CCBB642B66225300CE544C /* animalListCard.swift in Sources */,
				29F5589C2B623DBF001FC793 /* QuizView.swift in Sources */,
				39BD995F2B6E3F39002D58E5 /* Triangle.swift in Sources */,
				90BC25642B6530C90069186A /* ShomukhView.swift in Sources */,
				90BC25682B65317F0069186A /* Model.swift in Sources */,
				39796E262B663E0C00C35D57 /* sucessMassage.swift in Sources */,
				90BC255E2B652F7E0069186A /* NameView.swift in Sources */,
				90BC255C2B652F3F0069186A /* CharactersView.swift in Sources */,
				18FECEC82B60FC38001B566F /* AnimalsModel.swift in Sources */,
				EE122E4F2B5F9C70009FAACD /* AnimalGameApp.swift in Sources */,
				90BC256A2B6532030069186A /* SplashView.swift in Sources */,
				90BC25662B65314D0069186A /* RahafView.swift in Sources */,
				182EB71F2B6A344F0023046C /* SoundsModel.swift in Sources */,
				39CCBB662B66229500CE544C /* animalsList.swift in Sources */,
				90BC25602B652FC60069186A /* HomePageView.swift in Sources */,
				90BC25622B65301C0069186A /* MapView.swift in Sources */,
				18FECEDC2B62584E001B566F /* AnimalFactView.swift in Sources */,
			);
			runOnlyForDeploymentPostprocessing = 0;
		};
/* End PBXSourcesBuildPhase section */

/* Begin XCBuildConfiguration section */
		EE122E572B5F9C71009FAACD /* Debug */ = {
			isa = XCBuildConfiguration;
			buildSettings = {
				ALWAYS_SEARCH_USER_PATHS = NO;
				ASSETCATALOG_COMPILER_GENERATE_SWIFT_ASSET_SYMBOL_EXTENSIONS = YES;
				CLANG_ANALYZER_NONNULL = YES;
				CLANG_ANALYZER_NUMBER_OBJECT_CONVERSION = YES_AGGRESSIVE;
				CLANG_CXX_LANGUAGE_STANDARD = "gnu++20";
				CLANG_ENABLE_MODULES = YES;
				CLANG_ENABLE_OBJC_ARC = YES;
				CLANG_ENABLE_OBJC_WEAK = YES;
				CLANG_WARN_BLOCK_CAPTURE_AUTORELEASING = YES;
				CLANG_WARN_BOOL_CONVERSION = YES;
				CLANG_WARN_COMMA = YES;
				CLANG_WARN_CONSTANT_CONVERSION = YES;
				CLANG_WARN_DEPRECATED_OBJC_IMPLEMENTATIONS = YES;
				CLANG_WARN_DIRECT_OBJC_ISA_USAGE = YES_ERROR;
				CLANG_WARN_DOCUMENTATION_COMMENTS = YES;
				CLANG_WARN_EMPTY_BODY = YES;
				CLANG_WARN_ENUM_CONVERSION = YES;
				CLANG_WARN_INFINITE_RECURSION = YES;
				CLANG_WARN_INT_CONVERSION = YES;
				CLANG_WARN_NON_LITERAL_NULL_CONVERSION = YES;
				CLANG_WARN_OBJC_IMPLICIT_RETAIN_SELF = YES;
				CLANG_WARN_OBJC_LITERAL_CONVERSION = YES;
				CLANG_WARN_OBJC_ROOT_CLASS = YES_ERROR;
				CLANG_WARN_QUOTED_INCLUDE_IN_FRAMEWORK_HEADER = YES;
				CLANG_WARN_RANGE_LOOP_ANALYSIS = YES;
				CLANG_WARN_STRICT_PROTOTYPES = YES;
				CLANG_WARN_SUSPICIOUS_MOVE = YES;
				CLANG_WARN_UNGUARDED_AVAILABILITY = YES_AGGRESSIVE;
				CLANG_WARN_UNREACHABLE_CODE = YES;
				CLANG_WARN__DUPLICATE_METHOD_MATCH = YES;
				COPY_PHASE_STRIP = NO;
				DEBUG_INFORMATION_FORMAT = dwarf;
				ENABLE_STRICT_OBJC_MSGSEND = YES;
				ENABLE_TESTABILITY = YES;
				ENABLE_USER_SCRIPT_SANDBOXING = YES;
				GCC_C_LANGUAGE_STANDARD = gnu17;
				GCC_DYNAMIC_NO_PIC = NO;
				GCC_NO_COMMON_BLOCKS = YES;
				GCC_OPTIMIZATION_LEVEL = 0;
				GCC_PREPROCESSOR_DEFINITIONS = (
					"DEBUG=1",
					"$(inherited)",
				);
				GCC_WARN_64_TO_32_BIT_CONVERSION = YES;
				GCC_WARN_ABOUT_RETURN_TYPE = YES_ERROR;
				GCC_WARN_UNDECLARED_SELECTOR = YES;
				GCC_WARN_UNINITIALIZED_AUTOS = YES_AGGRESSIVE;
				GCC_WARN_UNUSED_FUNCTION = YES;
				GCC_WARN_UNUSED_VARIABLE = YES;
				IPHONEOS_DEPLOYMENT_TARGET = 17.0;
				LOCALIZATION_PREFERS_STRING_CATALOGS = YES;
				MTL_ENABLE_DEBUG_INFO = INCLUDE_SOURCE;
				MTL_FAST_MATH = YES;
				ONLY_ACTIVE_ARCH = YES;
				SDKROOT = iphoneos;
				SWIFT_ACTIVE_COMPILATION_CONDITIONS = "DEBUG $(inherited)";
				SWIFT_OPTIMIZATION_LEVEL = "-Onone";
			};
			name = Debug;
		};
		EE122E582B5F9C71009FAACD /* Release */ = {
			isa = XCBuildConfiguration;
			buildSettings = {
				ALWAYS_SEARCH_USER_PATHS = NO;
				ASSETCATALOG_COMPILER_GENERATE_SWIFT_ASSET_SYMBOL_EXTENSIONS = YES;
				CLANG_ANALYZER_NONNULL = YES;
				CLANG_ANALYZER_NUMBER_OBJECT_CONVERSION = YES_AGGRESSIVE;
				CLANG_CXX_LANGUAGE_STANDARD = "gnu++20";
				CLANG_ENABLE_MODULES = YES;
				CLANG_ENABLE_OBJC_ARC = YES;
				CLANG_ENABLE_OBJC_WEAK = YES;
				CLANG_WARN_BLOCK_CAPTURE_AUTORELEASING = YES;
				CLANG_WARN_BOOL_CONVERSION = YES;
				CLANG_WARN_COMMA = YES;
				CLANG_WARN_CONSTANT_CONVERSION = YES;
				CLANG_WARN_DEPRECATED_OBJC_IMPLEMENTATIONS = YES;
				CLANG_WARN_DIRECT_OBJC_ISA_USAGE = YES_ERROR;
				CLANG_WARN_DOCUMENTATION_COMMENTS = YES;
				CLANG_WARN_EMPTY_BODY = YES;
				CLANG_WARN_ENUM_CONVERSION = YES;
				CLANG_WARN_INFINITE_RECURSION = YES;
				CLANG_WARN_INT_CONVERSION = YES;
				CLANG_WARN_NON_LITERAL_NULL_CONVERSION = YES;
				CLANG_WARN_OBJC_IMPLICIT_RETAIN_SELF = YES;
				CLANG_WARN_OBJC_LITERAL_CONVERSION = YES;
				CLANG_WARN_OBJC_ROOT_CLASS = YES_ERROR;
				CLANG_WARN_QUOTED_INCLUDE_IN_FRAMEWORK_HEADER = YES;
				CLANG_WARN_RANGE_LOOP_ANALYSIS = YES;
				CLANG_WARN_STRICT_PROTOTYPES = YES;
				CLANG_WARN_SUSPICIOUS_MOVE = YES;
				CLANG_WARN_UNGUARDED_AVAILABILITY = YES_AGGRESSIVE;
				CLANG_WARN_UNREACHABLE_CODE = YES;
				CLANG_WARN__DUPLICATE_METHOD_MATCH = YES;
				COPY_PHASE_STRIP = NO;
				DEBUG_INFORMATION_FORMAT = "dwarf-with-dsym";
				ENABLE_NS_ASSERTIONS = NO;
				ENABLE_STRICT_OBJC_MSGSEND = YES;
				ENABLE_USER_SCRIPT_SANDBOXING = YES;
				GCC_C_LANGUAGE_STANDARD = gnu17;
				GCC_NO_COMMON_BLOCKS = YES;
				GCC_WARN_64_TO_32_BIT_CONVERSION = YES;
				GCC_WARN_ABOUT_RETURN_TYPE = YES_ERROR;
				GCC_WARN_UNDECLARED_SELECTOR = YES;
				GCC_WARN_UNINITIALIZED_AUTOS = YES_AGGRESSIVE;
				GCC_WARN_UNUSED_FUNCTION = YES;
				GCC_WARN_UNUSED_VARIABLE = YES;
				IPHONEOS_DEPLOYMENT_TARGET = 17.0;
				LOCALIZATION_PREFERS_STRING_CATALOGS = YES;
				MTL_ENABLE_DEBUG_INFO = NO;
				MTL_FAST_MATH = YES;
				SDKROOT = iphoneos;
				SWIFT_COMPILATION_MODE = wholemodule;
				VALIDATE_PRODUCT = YES;
			};
			name = Release;
		};
		EE122E5A2B5F9C71009FAACD /* Debug */ = {
			isa = XCBuildConfiguration;
			buildSettings = {
				ASSETCATALOG_COMPILER_APPICON_NAME = AppIcon;
				ASSETCATALOG_COMPILER_GLOBAL_ACCENT_COLOR_NAME = AccentColor;
				CODE_SIGN_STYLE = Automatic;
				CURRENT_PROJECT_VERSION = 1;
				DEVELOPMENT_ASSET_PATHS = "\"AnimalGame/Preview Content\"";
				DEVELOPMENT_TEAM = "";
				ENABLE_PREVIEWS = YES;
				GENERATE_INFOPLIST_FILE = YES;
				INFOPLIST_KEY_UIApplicationSceneManifest_Generation = YES;
				INFOPLIST_KEY_UIApplicationSupportsIndirectInputEvents = YES;
				INFOPLIST_KEY_UILaunchScreen_Generation = YES;
				INFOPLIST_KEY_UISupportedInterfaceOrientations_iPad = "UIInterfaceOrientationPortrait UIInterfaceOrientationPortraitUpsideDown UIInterfaceOrientationLandscapeLeft UIInterfaceOrientationLandscapeRight";
				INFOPLIST_KEY_UISupportedInterfaceOrientations_iPhone = "UIInterfaceOrientationPortrait UIInterfaceOrientationLandscapeLeft UIInterfaceOrientationLandscapeRight";
				IPHONEOS_DEPLOYMENT_TARGET = 17.0;
				LD_RUNPATH_SEARCH_PATHS = (
					"$(inherited)",
					"@executable_path/Frameworks",
				);
				MARKETING_VERSION = 1.0;
				PRODUCT_BUNDLE_IDENTIFIER = R.AnimalGame;
				PRODUCT_NAME = "$(TARGET_NAME)";
				SWIFT_EMIT_LOC_STRINGS = YES;
				SWIFT_VERSION = 5.0;
				TARGETED_DEVICE_FAMILY = "1,2";
			};
			name = Debug;
		};
		EE122E5B2B5F9C71009FAACD /* Release */ = {
			isa = XCBuildConfiguration;
			buildSettings = {
				ASSETCATALOG_COMPILER_APPICON_NAME = AppIcon;
				ASSETCATALOG_COMPILER_GLOBAL_ACCENT_COLOR_NAME = AccentColor;
				CODE_SIGN_STYLE = Automatic;
				CURRENT_PROJECT_VERSION = 1;
				DEVELOPMENT_ASSET_PATHS = "\"AnimalGame/Preview Content\"";
				DEVELOPMENT_TEAM = "";
				ENABLE_PREVIEWS = YES;
				GENERATE_INFOPLIST_FILE = YES;
				INFOPLIST_KEY_UIApplicationSceneManifest_Generation = YES;
				INFOPLIST_KEY_UIApplicationSupportsIndirectInputEvents = YES;
				INFOPLIST_KEY_UILaunchScreen_Generation = YES;
				INFOPLIST_KEY_UISupportedInterfaceOrientations_iPad = "UIInterfaceOrientationPortrait UIInterfaceOrientationPortraitUpsideDown UIInterfaceOrientationLandscapeLeft UIInterfaceOrientationLandscapeRight";
				INFOPLIST_KEY_UISupportedInterfaceOrientations_iPhone = "UIInterfaceOrientationPortrait UIInterfaceOrientationLandscapeLeft UIInterfaceOrientationLandscapeRight";
				IPHONEOS_DEPLOYMENT_TARGET = 17.0;
				LD_RUNPATH_SEARCH_PATHS = (
					"$(inherited)",
					"@executable_path/Frameworks",
				);
				MARKETING_VERSION = 1.0;
				PRODUCT_BUNDLE_IDENTIFIER = R.AnimalGame;
				PRODUCT_NAME = "$(TARGET_NAME)";
				SWIFT_EMIT_LOC_STRINGS = YES;
				SWIFT_VERSION = 5.0;
				TARGETED_DEVICE_FAMILY = "1,2";
			};
			name = Release;
		};
/* End XCBuildConfiguration section */

/* Begin XCConfigurationList section */
		EE122E462B5F9C70009FAACD /* Build configuration list for PBXProject "AnimalGame" */ = {
			isa = XCConfigurationList;
			buildConfigurations = (
				EE122E572B5F9C71009FAACD /* Debug */,
				EE122E582B5F9C71009FAACD /* Release */,
			);
			defaultConfigurationIsVisible = 0;
			defaultConfigurationName = Release;
		};
		EE122E592B5F9C71009FAACD /* Build configuration list for PBXNativeTarget "AnimalGame" */ = {
			isa = XCConfigurationList;
			buildConfigurations = (
				EE122E5A2B5F9C71009FAACD /* Debug */,
				EE122E5B2B5F9C71009FAACD /* Release */,
			);
			defaultConfigurationIsVisible = 0;
			defaultConfigurationName = Release;
		};
/* End XCConfigurationList section */
	};
	rootObject = EE122E432B5F9C70009FAACD /* Project object */;
}
